
Microsoft Visual Studio Solution File, Format Version 12.00
# Visual Studio Version 16
VisualStudioVersion = 16.0.30621.155
MinimumVisualStudioVersion = 10.0.40219.1
Project("{FAE04EC0-301F-11D3-BF4B-00C04F79EFBC}") = "API", "API\API.csproj", "{F15D5A7E-A84A-48D1-A051-888253B11144}"
EndProject
Global
	GlobalSection(SolutionConfigurationPlatforms) = preSolution
		Debug|Any CPU = Debug|Any CPU
		Release|Any CPU = Release|Any CPU
	EndGlobalSection
	GlobalSection(ProjectConfigurationPlatforms) = postSolution
		{F15D5A7E-A84A-48D1-A051-888253B11144}.Debug|Any CPU.ActiveCfg = Debug|Any CPU
		{F15D5A7E-A84A-48D1-A051-888253B11144}.Debug|Any CPU.Build.0 = Debug|Any CPU
		{F15D5A7E-A84A-48D1-A051-888253B11144}.Release|Any CPU.ActiveCfg = Release|Any CPU
		{F15D5A7E-A84A-48D1-A051-888253B11144}.Release|Any CPU.Build.0 = Release|Any CPU
	EndGlobalSection
	GlobalSection(SolutionProperties) = preSolution
		HideSolutionNode = FALSE
	EndGlobalSection
	GlobalSection(ExtensibilityGlobals) = postSolution
		SolutionGuid = {DCF6CF80-25C4-42BA-8AD4-964956FDF25E}
	EndGlobalSection
EndGlobal
