
Microsoft Visual Studio Solution File, Format Version 12.00
# Visual Studio Version 16
VisualStudioVersion = 16.0.30621.155
MinimumVisualStudioVersion = 10.0.40219.1
Project("{FAE04EC0-301F-11D3-BF4B-00C04F79EFBC}") = "API", "API.csproj", "{161982A3-7468-43DB-80DF-6D0B9CFB5C04}"
EndProject
Global
	GlobalSection(SolutionConfigurationPlatforms) = preSolution
		Debug|Any CPU = Debug|Any CPU
		Release|Any CPU = Release|Any CPU
	EndGlobalSection
	GlobalSection(ProjectConfigurationPlatforms) = postSolution
		{161982A3-7468-43DB-80DF-6D0B9CFB5C04}.Debug|Any CPU.ActiveCfg = Debug|Any CPU
		{161982A3-7468-43DB-80DF-6D0B9CFB5C04}.Debug|Any CPU.Build.0 = Debug|Any CPU
		{161982A3-7468-43DB-80DF-6D0B9CFB5C04}.Release|Any CPU.ActiveCfg = Release|Any CPU
		{161982A3-7468-43DB-80DF-6D0B9CFB5C04}.Release|Any CPU.Build.0 = Release|Any CPU
	EndGlobalSection
	GlobalSection(SolutionProperties) = preSolution
		HideSolutionNode = FALSE
	EndGlobalSection
	GlobalSection(ExtensibilityGlobals) = postSolution
		SolutionGuid = {D24F470F-AFFB-4D3E-839C-080352A9CC13}
	EndGlobalSection
EndGlobal
